// !$*UTF8*$!
{
	archiveVersion = 1;
	classes = {
	};
	objectVersion = 50;
	objects = {

/* Begin PBXBuildFile section */
		0F5600EE23F2C44A00807E07 /* AppDelegate.swift in Sources */ = {isa = PBXBuildFile; fileRef = 0F5600ED23F2C44A00807E07 /* AppDelegate.swift */; };
		0F5600F023F2C44A00807E07 /* SceneDelegate.swift in Sources */ = {isa = PBXBuildFile; fileRef = 0F5600EF23F2C44A00807E07 /* SceneDelegate.swift */; };
		0F5600F523F2C44A00807E07 /* Main.storyboard in Resources */ = {isa = PBXBuildFile; fileRef = 0F5600F323F2C44A00807E07 /* Main.storyboard */; };
		0F5600F723F2C44C00807E07 /* Assets.xcassets in Resources */ = {isa = PBXBuildFile; fileRef = 0F5600F623F2C44C00807E07 /* Assets.xcassets */; };
		0F5600FA23F2C44C00807E07 /* LaunchScreen.storyboard in Resources */ = {isa = PBXBuildFile; fileRef = 0F5600F823F2C44C00807E07 /* LaunchScreen.storyboard */; };
		0F56010423F2CAD500807E07 /* DetailsViewController.swift in Sources */ = {isa = PBXBuildFile; fileRef = 0F56010323F2CAD500807E07 /* DetailsViewController.swift */; };
		0F56010823F2CE2900807E07 /* HBUserDefaults.swift in Sources */ = {isa = PBXBuildFile; fileRef = 0F56010723F2CE2900807E07 /* HBUserDefaults.swift */; };
		0F56010B23F2D55D00807E07 /* DetailsViewModel.swift in Sources */ = {isa = PBXBuildFile; fileRef = 0F56010A23F2D55D00807E07 /* DetailsViewModel.swift */; };
		0F56010D23F3165300807E07 /* BaseViewController.swift in Sources */ = {isa = PBXBuildFile; fileRef = 0F56010C23F3165300807E07 /* BaseViewController.swift */; };
		0F56010F23F3332600807E07 /* HBConstants.swift in Sources */ = {isa = PBXBuildFile; fileRef = 0F56010E23F3332600807E07 /* HBConstants.swift */; };
		0F56011123F333AE00807E07 /* BaseViewModel.swift in Sources */ = {isa = PBXBuildFile; fileRef = 0F56011023F333AE00807E07 /* BaseViewModel.swift */; };
		0F56011323F3394E00807E07 /* MainViewController.swift in Sources */ = {isa = PBXBuildFile; fileRef = 0F56011223F3394E00807E07 /* MainViewController.swift */; };
		0F56011523F33A4F00807E07 /* HomeViewModel.swift in Sources */ = {isa = PBXBuildFile; fileRef = 0F56011423F33A4F00807E07 /* HomeViewModel.swift */; };
/* End PBXBuildFile section */

/* Begin PBXFileReference section */
		0F5600EA23F2C44A00807E07 /* HappyBirthday.app */ = {isa = PBXFileReference; explicitFileType = wrapper.application; includeInIndex = 0; path = HappyBirthday.app; sourceTree = BUILT_PRODUCTS_DIR; };
		0F5600ED23F2C44A00807E07 /* AppDelegate.swift */ = {isa = PBXFileReference; lastKnownFileType = sourcecode.swift; path = AppDelegate.swift; sourceTree = "<group>"; };
		0F5600EF23F2C44A00807E07 /* SceneDelegate.swift */ = {isa = PBXFileReference; lastKnownFileType = sourcecode.swift; path = SceneDelegate.swift; sourceTree = "<group>"; };
		0F5600F423F2C44A00807E07 /* Base */ = {isa = PBXFileReference; lastKnownFileType = file.storyboard; name = Base; path = Base.lproj/Main.storyboard; sourceTree = "<group>"; };
		0F5600F623F2C44C00807E07 /* Assets.xcassets */ = {isa = PBXFileReference; lastKnownFileType = folder.assetcatalog; path = Assets.xcassets; sourceTree = "<group>"; };
		0F5600F923F2C44C00807E07 /* Base */ = {isa = PBXFileReference; lastKnownFileType = file.storyboard; name = Base; path = Base.lproj/LaunchScreen.storyboard; sourceTree = "<group>"; };
		0F5600FB23F2C44C00807E07 /* Info.plist */ = {isa = PBXFileReference; lastKnownFileType = text.plist.xml; path = Info.plist; sourceTree = "<group>"; };
		0F56010323F2CAD500807E07 /* DetailsViewController.swift */ = {isa = PBXFileReference; lastKnownFileType = sourcecode.swift; path = DetailsViewController.swift; sourceTree = "<group>"; };
		0F56010723F2CE2900807E07 /* HBUserDefaults.swift */ = {isa = PBXFileReference; lastKnownFileType = sourcecode.swift; path = HBUserDefaults.swift; sourceTree = "<group>"; };
		0F56010A23F2D55D00807E07 /* DetailsViewModel.swift */ = {isa = PBXFileReference; lastKnownFileType = sourcecode.swift; path = DetailsViewModel.swift; sourceTree = "<group>"; };
		0F56010C23F3165300807E07 /* BaseViewController.swift */ = {isa = PBXFileReference; lastKnownFileType = sourcecode.swift; path = BaseViewController.swift; sourceTree = "<group>"; };
		0F56010E23F3332600807E07 /* HBConstants.swift */ = {isa = PBXFileReference; lastKnownFileType = sourcecode.swift; path = HBConstants.swift; sourceTree = "<group>"; };
		0F56011023F333AE00807E07 /* BaseViewModel.swift */ = {isa = PBXFileReference; lastKnownFileType = sourcecode.swift; path = BaseViewModel.swift; sourceTree = "<group>"; };
		0F56011223F3394E00807E07 /* MainViewController.swift */ = {isa = PBXFileReference; lastKnownFileType = sourcecode.swift; path = MainViewController.swift; sourceTree = "<group>"; };
		0F56011423F33A4F00807E07 /* HomeViewModel.swift */ = {isa = PBXFileReference; lastKnownFileType = sourcecode.swift; path = HomeViewModel.swift; sourceTree = "<group>"; };
/* End PBXFileReference section */

/* Begin PBXFrameworksBuildPhase section */
		0F5600E723F2C44A00807E07 /* Frameworks */ = {
			isa = PBXFrameworksBuildPhase;
			buildActionMask = 2147483647;
			files = (
			);
			runOnlyForDeploymentPostprocessing = 0;
		};
/* End PBXFrameworksBuildPhase section */

/* Begin PBXGroup section */
		0F5600E123F2C44A00807E07 = {
			isa = PBXGroup;
			children = (
				0F5600EC23F2C44A00807E07 /* HappyBirthday */,
				0F5600EB23F2C44A00807E07 /* Products */,
			);
			sourceTree = "<group>";
		};
		0F5600EB23F2C44A00807E07 /* Products */ = {
			isa = PBXGroup;
			children = (
				0F5600EA23F2C44A00807E07 /* HappyBirthday.app */,
			);
			name = Products;
			sourceTree = "<group>";
		};
		0F5600EC23F2C44A00807E07 /* HappyBirthday */ = {
			isa = PBXGroup;
			children = (
				0F56010523F2CDE400807E07 /* Non UI */,
				0F56010123F2CAB500807E07 /* UI */,
				0F5600ED23F2C44A00807E07 /* AppDelegate.swift */,
				0F5600EF23F2C44A00807E07 /* SceneDelegate.swift */,
				0F5600F323F2C44A00807E07 /* Main.storyboard */,
				0F5600F623F2C44C00807E07 /* Assets.xcassets */,
				0F5600F823F2C44C00807E07 /* LaunchScreen.storyboard */,
				0F5600FB23F2C44C00807E07 /* Info.plist */,
			);
			path = HappyBirthday;
			sourceTree = "<group>";
		};
		0F56010123F2CAB500807E07 /* UI */ = {
			isa = PBXGroup;
			children = (
				0F56010923F2D53000807E07 /* View Models */,
				0F56010223F2CABC00807E07 /* View Controllers */,
			);
			path = UI;
			sourceTree = "<group>";
		};
		0F56010223F2CABC00807E07 /* View Controllers */ = {
			isa = PBXGroup;
			children = (
				0F56010323F2CAD500807E07 /* DetailsViewController.swift */,
				0F56010C23F3165300807E07 /* BaseViewController.swift */,
				0F56011223F3394E00807E07 /* MainViewController.swift */,
			);
			path = "View Controllers";
			sourceTree = "<group>";
		};
		0F56010523F2CDE400807E07 /* Non UI */ = {
			isa = PBXGroup;
			children = (
				0F56010E23F3332600807E07 /* HBConstants.swift */,
				0F56010623F2CDEE00807E07 /* User Defaults */,
			);
			path = "Non UI";
			sourceTree = "<group>";
		};
		0F56010623F2CDEE00807E07 /* User Defaults */ = {
			isa = PBXGroup;
			children = (
				0F56010723F2CE2900807E07 /* HBUserDefaults.swift */,
			);
			path = "User Defaults";
			sourceTree = "<group>";
		};
		0F56010923F2D53000807E07 /* View Models */ = {
			isa = PBXGroup;
			children = (
				0F56010A23F2D55D00807E07 /* DetailsViewModel.swift */,
				0F56011023F333AE00807E07 /* BaseViewModel.swift */,
				0F56011423F33A4F00807E07 /* HomeViewModel.swift */,
			);
			path = "View Models";
			sourceTree = "<group>";
		};
/* End PBXGroup section */

/* Begin PBXNativeTarget section */
		0F5600E923F2C44A00807E07 /* HappyBirthday */ = {
			isa = PBXNativeTarget;
			buildConfigurationList = 0F5600FE23F2C44C00807E07 /* Build configuration list for PBXNativeTarget "HappyBirthday" */;
			buildPhases = (
				0F5600E623F2C44A00807E07 /* Sources */,
				0F5600E723F2C44A00807E07 /* Frameworks */,
				0F5600E823F2C44A00807E07 /* Resources */,
			);
			buildRules = (
			);
			dependencies = (
			);
			name = HappyBirthday;
			productName = HappyBirthday;
			productReference = 0F5600EA23F2C44A00807E07 /* HappyBirthday.app */;
			productType = "com.apple.product-type.application";
		};
/* End PBXNativeTarget section */

/* Begin PBXProject section */
		0F5600E223F2C44A00807E07 /* Project object */ = {
			isa = PBXProject;
			attributes = {
				LastSwiftUpdateCheck = 1130;
				LastUpgradeCheck = 1130;
				ORGANIZATIONNAME = "Sion Sasson";
				TargetAttributes = {
					0F5600E923F2C44A00807E07 = {
						CreatedOnToolsVersion = 11.3.1;
					};
				};
			};
			buildConfigurationList = 0F5600E523F2C44A00807E07 /* Build configuration list for PBXProject "HappyBirthday" */;
			compatibilityVersion = "Xcode 9.3";
			developmentRegion = en;
			hasScannedForEncodings = 0;
			knownRegions = (
				en,
				Base,
			);
			mainGroup = 0F5600E123F2C44A00807E07;
			productRefGroup = 0F5600EB23F2C44A00807E07 /* Products */;
			projectDirPath = "";
			projectRoot = "";
			targets = (
				0F5600E923F2C44A00807E07 /* HappyBirthday */,
			);
		};
/* End PBXProject section */

/* Begin PBXResourcesBuildPhase section */
		0F5600E823F2C44A00807E07 /* Resources */ = {
			isa = PBXResourcesBuildPhase;
			buildActionMask = 2147483647;
			files = (
				0F5600FA23F2C44C00807E07 /* LaunchScreen.storyboard in Resources */,
				0F5600F723F2C44C00807E07 /* Assets.xcassets in Resources */,
				0F5600F523F2C44A00807E07 /* Main.storyboard in Resources */,
			);
			runOnlyForDeploymentPostprocessing = 0;
		};
/* End PBXResourcesBuildPhase section */

/* Begin PBXSourcesBuildPhase section */
		0F5600E623F2C44A00807E07 /* Sources */ = {
			isa = PBXSourcesBuildPhase;
			buildActionMask = 2147483647;
			files = (
				0F56010823F2CE2900807E07 /* HBUserDefaults.swift in Sources */,
				0F5600EE23F2C44A00807E07 /* AppDelegate.swift in Sources */,
				0F56010B23F2D55D00807E07 /* DetailsViewModel.swift in Sources */,
				0F56011523F33A4F00807E07 /* HomeViewModel.swift in Sources */,
				0F5600F023F2C44A00807E07 /* SceneDelegate.swift in Sources */,
				0F56010423F2CAD500807E07 /* DetailsViewController.swift in Sources */,
				0F56011123F333AE00807E07 /* BaseViewModel.swift in Sources */,
				0F56011323F3394E00807E07 /* MainViewController.swift in Sources */,
				0F56010F23F3332600807E07 /* HBConstants.swift in Sources */,
				0F56010D23F3165300807E07 /* BaseViewController.swift in Sources */,
			);
			runOnlyForDeploymentPostprocessing = 0;
		};
/* End PBXSourcesBuildPhase section */

/* Begin PBXVariantGroup section */
		0F5600F323F2C44A00807E07 /* Main.storyboard */ = {
			isa = PBXVariantGroup;
			children = (
				0F5600F423F2C44A00807E07 /* Base */,
			);
			name = Main.storyboard;
			sourceTree = "<group>";
		};
		0F5600F823F2C44C00807E07 /* LaunchScreen.storyboard */ = {
			isa = PBXVariantGroup;
			children = (
				0F5600F923F2C44C00807E07 /* Base */,
			);
			name = LaunchScreen.storyboard;
			sourceTree = "<group>";
		};
/* End PBXVariantGroup section */

/* Begin XCBuildConfiguration section */
		0F5600FC23F2C44C00807E07 /* Debug */ = {
			isa = XCBuildConfiguration;
			buildSettings = {
				ALWAYS_SEARCH_USER_PATHS = NO;
				CLANG_ANALYZER_NONNULL = YES;
				CLANG_ANALYZER_NUMBER_OBJECT_CONVERSION = YES_AGGRESSIVE;
				CLANG_CXX_LANGUAGE_STANDARD = "gnu++14";
				CLANG_CXX_LIBRARY = "libc++";
				CLANG_ENABLE_MODULES = YES;
				CLANG_ENABLE_OBJC_ARC = YES;
				CLANG_ENABLE_OBJC_WEAK = YES;
				CLANG_WARN_BLOCK_CAPTURE_AUTORELEASING = YES;
				CLANG_WARN_BOOL_CONVERSION = YES;
				CLANG_WARN_COMMA = YES;
				CLANG_WARN_CONSTANT_CONVERSION = YES;
				CLANG_WARN_DEPRECATED_OBJC_IMPLEMENTATIONS = YES;
				CLANG_WARN_DIRECT_OBJC_ISA_USAGE = YES_ERROR;
				CLANG_WARN_DOCUMENTATION_COMMENTS = YES;
				CLANG_WARN_EMPTY_BODY = YES;
				CLANG_WARN_ENUM_CONVERSION = YES;
				CLANG_WARN_INFINITE_RECURSION = YES;
				CLANG_WARN_INT_CONVERSION = YES;
				CLANG_WARN_NON_LITERAL_NULL_CONVERSION = YES;
				CLANG_WARN_OBJC_IMPLICIT_RETAIN_SELF = YES;
				CLANG_WARN_OBJC_LITERAL_CONVERSION = YES;
				CLANG_WARN_OBJC_ROOT_CLASS = YES_ERROR;
				CLANG_WARN_RANGE_LOOP_ANALYSIS = YES;
				CLANG_WARN_STRICT_PROTOTYPES = YES;
				CLANG_WARN_SUSPICIOUS_MOVE = YES;
				CLANG_WARN_UNGUARDED_AVAILABILITY = YES_AGGRESSIVE;
				CLANG_WARN_UNREACHABLE_CODE = YES;
				CLANG_WARN__DUPLICATE_METHOD_MATCH = YES;
				COPY_PHASE_STRIP = NO;
				DEBUG_INFORMATION_FORMAT = dwarf;
				ENABLE_STRICT_OBJC_MSGSEND = YES;
				ENABLE_TESTABILITY = YES;
				GCC_C_LANGUAGE_STANDARD = gnu11;
				GCC_DYNAMIC_NO_PIC = NO;
				GCC_NO_COMMON_BLOCKS = YES;
				GCC_OPTIMIZATION_LEVEL = 0;
				GCC_PREPROCESSOR_DEFINITIONS = (
					"DEBUG=1",
					"$(inherited)",
				);
				GCC_WARN_64_TO_32_BIT_CONVERSION = YES;
				GCC_WARN_ABOUT_RETURN_TYPE = YES_ERROR;
				GCC_WARN_UNDECLARED_SELECTOR = YES;
				GCC_WARN_UNINITIALIZED_AUTOS = YES_AGGRESSIVE;
				GCC_WARN_UNUSED_FUNCTION = YES;
				GCC_WARN_UNUSED_VARIABLE = YES;
				IPHONEOS_DEPLOYMENT_TARGET = 13.2;
				MTL_ENABLE_DEBUG_INFO = INCLUDE_SOURCE;
				MTL_FAST_MATH = YES;
				ONLY_ACTIVE_ARCH = YES;
				SDKROOT = iphoneos;
				SWIFT_ACTIVE_COMPILATION_CONDITIONS = DEBUG;
				SWIFT_OPTIMIZATION_LEVEL = "-Onone";
			};
			name = Debug;
		};
		0F5600FD23F2C44C00807E07 /* Release */ = {
			isa = XCBuildConfiguration;
			buildSettings = {
				ALWAYS_SEARCH_USER_PATHS = NO;
				CLANG_ANALYZER_NONNULL = YES;
				CLANG_ANALYZER_NUMBER_OBJECT_CONVERSION = YES_AGGRESSIVE;
				CLANG_CXX_LANGUAGE_STANDARD = "gnu++14";
				CLANG_CXX_LIBRARY = "libc++";
				CLANG_ENABLE_MODULES = YES;
				CLANG_ENABLE_OBJC_ARC = YES;
				CLANG_ENABLE_OBJC_WEAK = YES;
				CLANG_WARN_BLOCK_CAPTURE_AUTORELEASING = YES;
				CLANG_WARN_BOOL_CONVERSION = YES;
				CLANG_WARN_COMMA = YES;
				CLANG_WARN_CONSTANT_CONVERSION = YES;
				CLANG_WARN_DEPRECATED_OBJC_IMPLEMENTATIONS = YES;
				CLANG_WARN_DIRECT_OBJC_ISA_USAGE = YES_ERROR;
				CLANG_WARN_DOCUMENTATION_COMMENTS = YES;
				CLANG_WARN_EMPTY_BODY = YES;
				CLANG_WARN_ENUM_CONVERSION = YES;
				CLANG_WARN_INFINITE_RECURSION = YES;
				CLANG_WARN_INT_CONVERSION = YES;
				CLANG_WARN_NON_LITERAL_NULL_CONVERSION = YES;
				CLANG_WARN_OBJC_IMPLICIT_RETAIN_SELF = YES;
				CLANG_WARN_OBJC_LITERAL_CONVERSION = YES;
				CLANG_WARN_OBJC_ROOT_CLASS = YES_ERROR;
				CLANG_WARN_RANGE_LOOP_ANALYSIS = YES;
				CLANG_WARN_STRICT_PROTOTYPES = YES;
				CLANG_WARN_SUSPICIOUS_MOVE = YES;
				CLANG_WARN_UNGUARDED_AVAILABILITY = YES_AGGRESSIVE;
				CLANG_WARN_UNREACHABLE_CODE = YES;
				CLANG_WARN__DUPLICATE_METHOD_MATCH = YES;
				COPY_PHASE_STRIP = NO;
				DEBUG_INFORMATION_FORMAT = "dwarf-with-dsym";
				ENABLE_NS_ASSERTIONS = NO;
				ENABLE_STRICT_OBJC_MSGSEND = YES;
				GCC_C_LANGUAGE_STANDARD = gnu11;
				GCC_NO_COMMON_BLOCKS = YES;
				GCC_WARN_64_TO_32_BIT_CONVERSION = YES;
				GCC_WARN_ABOUT_RETURN_TYPE = YES_ERROR;
				GCC_WARN_UNDECLARED_SELECTOR = YES;
				GCC_WARN_UNINITIALIZED_AUTOS = YES_AGGRESSIVE;
				GCC_WARN_UNUSED_FUNCTION = YES;
				GCC_WARN_UNUSED_VARIABLE = YES;
				IPHONEOS_DEPLOYMENT_TARGET = 13.2;
				MTL_ENABLE_DEBUG_INFO = NO;
				MTL_FAST_MATH = YES;
				SDKROOT = iphoneos;
				SWIFT_COMPILATION_MODE = wholemodule;
				SWIFT_OPTIMIZATION_LEVEL = "-O";
				VALIDATE_PRODUCT = YES;
			};
			name = Release;
		};
		0F5600FF23F2C44C00807E07 /* Debug */ = {
			isa = XCBuildConfiguration;
			buildSettings = {
				ASSETCATALOG_COMPILER_APPICON_NAME = AppIcon;
				CODE_SIGN_STYLE = Automatic;
				DEVELOPMENT_TEAM = JMA6XK7D98;
				INFOPLIST_FILE = HappyBirthday/Info.plist;
				LD_RUNPATH_SEARCH_PATHS = (
					"$(inherited)",
					"@executable_path/Frameworks",
				);
				PRODUCT_BUNDLE_IDENTIFIER = com.tzikiapplications.HappyBirthday;
				PRODUCT_NAME = "$(TARGET_NAME)";
				SWIFT_VERSION = 5.0;
				TARGETED_DEVICE_FAMILY = 1;
			};
			name = Debug;
		};
		0F56010023F2C44C00807E07 /* Release */ = {
			isa = XCBuildConfiguration;
			buildSettings = {
				ASSETCATALOG_COMPILER_APPICON_NAME = AppIcon;
				CODE_SIGN_STYLE = Automatic;
				DEVELOPMENT_TEAM = JMA6XK7D98;
				INFOPLIST_FILE = HappyBirthday/Info.plist;
				LD_RUNPATH_SEARCH_PATHS = (
					"$(inherited)",
					"@executable_path/Frameworks",
				);
				PRODUCT_BUNDLE_IDENTIFIER = com.tzikiapplications.HappyBirthday;
				PRODUCT_NAME = "$(TARGET_NAME)";
				SWIFT_VERSION = 5.0;
				TARGETED_DEVICE_FAMILY = 1;
			};
			name = Release;
		};
/* End XCBuildConfiguration section */

/* Begin XCConfigurationList section */
		0F5600E523F2C44A00807E07 /* Build configuration list for PBXProject "HappyBirthday" */ = {
			isa = XCConfigurationList;
			buildConfigurations = (
				0F5600FC23F2C44C00807E07 /* Debug */,
				0F5600FD23F2C44C00807E07 /* Release */,
			);
			defaultConfigurationIsVisible = 0;
			defaultConfigurationName = Release;
		};
		0F5600FE23F2C44C00807E07 /* Build configuration list for PBXNativeTarget "HappyBirthday" */ = {
			isa = XCConfigurationList;
			buildConfigurations = (
				0F5600FF23F2C44C00807E07 /* Debug */,
				0F56010023F2C44C00807E07 /* Release */,
			);
			defaultConfigurationIsVisible = 0;
			defaultConfigurationName = Release;
		};
/* End XCConfigurationList section */
	};
	rootObject = 0F5600E223F2C44A00807E07 /* Project object */;
}
